// !$*UTF8*$!
{
	archiveVersion = 1;
	classes = {
	};
	objectVersion = 46;
	objects = {

/* Begin PBXBuildFile section */
		04052DBE1AF8810700AEE27A /* SLUIFactory.m in Sources */ = {isa = PBXBuildFile; fileRef = 04052DBD1AF8810700AEE27A /* SLUIFactory.m */; };
		04052DDB1AF8821600AEE27A /* nav_caidan.png in Resources */ = {isa = PBXBuildFile; fileRef = 04052DC01AF8821600AEE27A /* nav_caidan.png */; };
		04052DDC1AF8821600AEE27A /* nav_caidan@2x.png in Resources */ = {isa = PBXBuildFile; fileRef = 04052DC11AF8821600AEE27A /* nav_caidan@2x.png */; };
		04052DDD1AF8821600AEE27A /* nav_caidan@3x.png in Resources */ = {isa = PBXBuildFile; fileRef = 04052DC21AF8821600AEE27A /* nav_caidan@3x.png */; };
		04052DDE1AF8821600AEE27A /* nav_ditu.png in Resources */ = {isa = PBXBuildFile; fileRef = 04052DC31AF8821600AEE27A /* nav_ditu.png */; };
		04052DDF1AF8821600AEE27A /* nav_ditu@2x.png in Resources */ = {isa = PBXBuildFile; fileRef = 04052DC41AF8821600AEE27A /* nav_ditu@2x.png */; };
		04052DE01AF8821600AEE27A /* nav_ditu@3x.png in Resources */ = {isa = PBXBuildFile; fileRef = 04052DC51AF8821600AEE27A /* nav_ditu@3x.png */; };
		04052DE11AF8821600AEE27A /* nav_fanhui.png in Resources */ = {isa = PBXBuildFile; fileRef = 04052DC61AF8821600AEE27A /* nav_fanhui.png */; };
		04052DE21AF8821600AEE27A /* nav_fanhui@2x.png in Resources */ = {isa = PBXBuildFile; fileRef = 04052DC71AF8821600AEE27A /* nav_fanhui@2x.png */; };
		04052DE31AF8821600AEE27A /* nav_fanhui@3x.png in Resources */ = {isa = PBXBuildFile; fileRef = 04052DC81AF8821600AEE27A /* nav_fanhui@3x.png */; };
		04052DE41AF8821600AEE27A /* nav_fenxiang.png in Resources */ = {isa = PBXBuildFile; fileRef = 04052DC91AF8821600AEE27A /* nav_fenxiang.png */; };
		04052DE51AF8821600AEE27A /* nav_fenxiang@2x.png in Resources */ = {isa = PBXBuildFile; fileRef = 04052DCA1AF8821600AEE27A /* nav_fenxiang@2x.png */; };
		04052DE61AF8821600AEE27A /* nav_fenxiang@3x.png in Resources */ = {isa = PBXBuildFile; fileRef = 04052DCB1AF8821600AEE27A /* nav_fenxiang@3x.png */; };
		04052DE71AF8821600AEE27A /* nav_gengduo.png in Resources */ = {isa = PBXBuildFile; fileRef = 04052DCC1AF8821600AEE27A /* nav_gengduo.png */; };
		04052DE81AF8821600AEE27A /* nav_gengduo@2x.png in Resources */ = {isa = PBXBuildFile; fileRef = 04052DCD1AF8821600AEE27A /* nav_gengduo@2x.png */; };
		04052DE91AF8821600AEE27A /* nav_gengduo@3x.png in Resources */ = {isa = PBXBuildFile; fileRef = 04052DCE1AF8821600AEE27A /* nav_gengduo@3x.png */; };
		04052DEA1AF8821600AEE27A /* nav_sousuo.png in Resources */ = {isa = PBXBuildFile; fileRef = 04052DCF1AF8821600AEE27A /* nav_sousuo.png */; };
		04052DEB1AF8821600AEE27A /* nav_sousuo@2x.png in Resources */ = {isa = PBXBuildFile; fileRef = 04052DD01AF8821600AEE27A /* nav_sousuo@2x.png */; };
		04052DEC1AF8821600AEE27A /* nav_sousuo@3x.png in Resources */ = {isa = PBXBuildFile; fileRef = 04052DD11AF8821600AEE27A /* nav_sousuo@3x.png */; };
		04052DED1AF8821600AEE27A /* nav_sousuo_s.png in Resources */ = {isa = PBXBuildFile; fileRef = 04052DD21AF8821600AEE27A /* nav_sousuo_s.png */; };
		04052DEE1AF8821600AEE27A /* nav_sousuo_s@2x.png in Resources */ = {isa = PBXBuildFile; fileRef = 04052DD31AF8821600AEE27A /* nav_sousuo_s@2x.png */; };
		04052DEF1AF8821600AEE27A /* nav_sousuo_s@3x.png in Resources */ = {isa = PBXBuildFile; fileRef = 04052DD41AF8821600AEE27A /* nav_sousuo_s@3x.png */; };
		04052DF01AF8821600AEE27A /* nav_xiala.png in Resources */ = {isa = PBXBuildFile; fileRef = 04052DD51AF8821600AEE27A /* nav_xiala.png */; };
		04052DF11AF8821600AEE27A /* nav_xiala@2x.png in Resources */ = {isa = PBXBuildFile; fileRef = 04052DD61AF8821600AEE27A /* nav_xiala@2x.png */; };
		04052DF21AF8821600AEE27A /* nav_xiala@3x.png in Resources */ = {isa = PBXBuildFile; fileRef = 04052DD71AF8821600AEE27A /* nav_xiala@3x.png */; };
		04052DF31AF8821600AEE27A /* nav_xiaoxi.png in Resources */ = {isa = PBXBuildFile; fileRef = 04052DD81AF8821600AEE27A /* nav_xiaoxi.png */; };
		04052DF41AF8821600AEE27A /* nav_xiaoxi@2x.png in Resources */ = {isa = PBXBuildFile; fileRef = 04052DD91AF8821600AEE27A /* nav_xiaoxi@2x.png */; };
		04052DF51AF8821600AEE27A /* nav_xiaoxi@3x.png in Resources */ = {isa = PBXBuildFile; fileRef = 04052DDA1AF8821600AEE27A /* nav_xiaoxi@3x.png */; };
		04052DF71AF8B06900AEE27A /* 0_bg01@2x.png in Resources */ = {isa = PBXBuildFile; fileRef = 04052DF61AF8B06900AEE27A /* 0_bg01@2x.png */; };
		043A1C8E1AF78E7500E415BF /* main.m in Sources */ = {isa = PBXBuildFile; fileRef = 043A1C8D1AF78E7500E415BF /* main.m */; };
		043A1C911AF78E7500E415BF /* AppDelegate.m in Sources */ = {isa = PBXBuildFile; fileRef = 043A1C901AF78E7500E415BF /* AppDelegate.m */; };
		043A1C941AF78E7500E415BF /* MyProjectFDD.xcdatamodeld in Sources */ = {isa = PBXBuildFile; fileRef = 043A1C921AF78E7500E415BF /* MyProjectFDD.xcdatamodeld */; };
		043A1C9C1AF78E7500E415BF /* Images.xcassets in Resources */ = {isa = PBXBuildFile; fileRef = 043A1C9B1AF78E7500E415BF /* Images.xcassets */; };
		043A1C9F1AF78E7500E415BF /* LaunchScreen.xib in Resources */ = {isa = PBXBuildFile; fileRef = 043A1C9D1AF78E7500E415BF /* LaunchScreen.xib */; };
		043A1CAB1AF78E7500E415BF /* MyProjectFDDTests.m in Sources */ = {isa = PBXBuildFile; fileRef = 043A1CAA1AF78E7500E415BF /* MyProjectFDDTests.m */; };
		043A1CC51AF794FE00E415BF /* SLAppSupport.m in Sources */ = {isa = PBXBuildFile; fileRef = 043A1CC41AF794FE00E415BF /* SLAppSupport.m */; };
		043A1CC91AF796EB00E415BF /* SLSellHouseViewController.m in Sources */ = {isa = PBXBuildFile; fileRef = 043A1CC71AF796EB00E415BF /* SLSellHouseViewController.m */; };
		043A1CCA1AF796EB00E415BF /* SLSellHouseViewController.xib in Resources */ = {isa = PBXBuildFile; fileRef = 043A1CC81AF796EB00E415BF /* SLSellHouseViewController.xib */; };
		043A1CCE1AF7970400E415BF /* SLBuyHouseViewController.m in Sources */ = {isa = PBXBuildFile; fileRef = 043A1CCC1AF7970400E415BF /* SLBuyHouseViewController.m */; };
		043A1CCF1AF7970400E415BF /* SLBuyHouseViewController.xib in Resources */ = {isa = PBXBuildFile; fileRef = 043A1CCD1AF7970400E415BF /* SLBuyHouseViewController.xib */; };
		043A1CD31AF7971400E415BF /* SLMeViewController.m in Sources */ = {isa = PBXBuildFile; fileRef = 043A1CD11AF7971400E415BF /* SLMeViewController.m */; };
		043A1CD41AF7971400E415BF /* SLMeViewController.xib in Resources */ = {isa = PBXBuildFile; fileRef = 043A1CD21AF7971400E415BF /* SLMeViewController.xib */; };
		043A1CD81AF7972200E415BF /* SLSettingViewController.m in Sources */ = {isa = PBXBuildFile; fileRef = 043A1CD61AF7972200E415BF /* SLSettingViewController.m */; };
		043A1CD91AF7972200E415BF /* SLSettingViewController.xib in Resources */ = {isa = PBXBuildFile; fileRef = 043A1CD71AF7972200E415BF /* SLSettingViewController.xib */; };
		043A1CF51AF7995000E415BF /* daohang_buy01.png in Resources */ = {isa = PBXBuildFile; fileRef = 043A1CDD1AF7995000E415BF /* daohang_buy01.png */; };
		043A1CF61AF7995000E415BF /* daohang_buy01@2x.png in Resources */ = {isa = PBXBuildFile; fileRef = 043A1CDE1AF7995000E415BF /* daohang_buy01@2x.png */; };
		043A1CF71AF7995000E415BF /* daohang_buy01@3x.png in Resources */ = {isa = PBXBuildFile; fileRef = 043A1CDF1AF7995000E415BF /* daohang_buy01@3x.png */; };
		043A1CF81AF7995000E415BF /* daohang_buy02.png in Resources */ = {isa = PBXBuildFile; fileRef = 043A1CE01AF7995000E415BF /* daohang_buy02.png */; };
		043A1CF91AF7995000E415BF /* daohang_buy02@2x.png in Resources */ = {isa = PBXBuildFile; fileRef = 043A1CE11AF7995000E415BF /* daohang_buy02@2x.png */; };
		043A1CFA1AF7995000E415BF /* daohang_buy02@3x.png in Resources */ = {isa = PBXBuildFile; fileRef = 043A1CE21AF7995000E415BF /* daohang_buy02@3x.png */; };
		043A1CFB1AF7995000E415BF /* daohang_gengduo01.png in Resources */ = {isa = PBXBuildFile; fileRef = 043A1CE31AF7995000E415BF /* daohang_gengduo01.png */; };
		043A1CFC1AF7995000E415BF /* daohang_gengduo01@2x.png in Resources */ = {isa = PBXBuildFile; fileRef = 043A1CE41AF7995000E415BF /* daohang_gengduo01@2x.png */; };
		043A1CFD1AF7995000E415BF /* daohang_gengduo01@3x.png in Resources */ = {isa = PBXBuildFile; fileRef = 043A1CE51AF7995000E415BF /* daohang_gengduo01@3x.png */; };
		043A1CFE1AF7995000E415BF /* daohang_gengduo02.png in Resources */ = {isa = PBXBuildFile; fileRef = 043A1CE61AF7995000E415BF /* daohang_gengduo02.png */; };
		043A1CFF1AF7995000E415BF /* daohang_gengduo02@2x.png in Resources */ = {isa = PBXBuildFile; fileRef = 043A1CE71AF7995000E415BF /* daohang_gengduo02@2x.png */; };
		043A1D001AF7995000E415BF /* daohang_gengduo02@3x.png in Resources */ = {isa = PBXBuildFile; fileRef = 043A1CE81AF7995000E415BF /* daohang_gengduo02@3x.png */; };
		043A1D011AF7995000E415BF /* daohang_sell01.png in Resources */ = {isa = PBXBuildFile; fileRef = 043A1CE91AF7995000E415BF /* daohang_sell01.png */; };
		043A1D021AF7995000E415BF /* daohang_sell01@2x.png in Resources */ = {isa = PBXBuildFile; fileRef = 043A1CEA1AF7995000E415BF /* daohang_sell01@2x.png */; };
		043A1D031AF7995000E415BF /* daohang_sell01@3x.png in Resources */ = {isa = PBXBuildFile; fileRef = 043A1CEB1AF7995000E415BF /* daohang_sell01@3x.png */; };
		043A1D041AF7995000E415BF /* daohang_sell02.png in Resources */ = {isa = PBXBuildFile; fileRef = 043A1CEC1AF7995000E415BF /* daohang_sell02.png */; };
		043A1D051AF7995000E415BF /* daohang_sell02@2x.png in Resources */ = {isa = PBXBuildFile; fileRef = 043A1CED1AF7995000E415BF /* daohang_sell02@2x.png */; };
		043A1D061AF7995000E415BF /* daohang_sell02@3x.png in Resources */ = {isa = PBXBuildFile; fileRef = 043A1CEE1AF7995000E415BF /* daohang_sell02@3x.png */; };
		043A1D071AF7995000E415BF /* daohang_wo01.png in Resources */ = {isa = PBXBuildFile; fileRef = 043A1CEF1AF7995000E415BF /* daohang_wo01.png */; };
		043A1D081AF7995000E415BF /* daohang_wo01@2x.png in Resources */ = {isa = PBXBuildFile; fileRef = 043A1CF01AF7995000E415BF /* daohang_wo01@2x.png */; };
		043A1D091AF7995000E415BF /* daohang_wo01@3x.png in Resources */ = {isa = PBXBuildFile; fileRef = 043A1CF11AF7995000E415BF /* daohang_wo01@3x.png */; };
		043A1D0A1AF7995000E415BF /* daohang_wo02.png in Resources */ = {isa = PBXBuildFile; fileRef = 043A1CF21AF7995000E415BF /* daohang_wo02.png */; };
		043A1D0B1AF7995000E415BF /* daohang_wo02@2x.png in Resources */ = {isa = PBXBuildFile; fileRef = 043A1CF31AF7995000E415BF /* daohang_wo02@2x.png */; };
		043A1D0C1AF7995000E415BF /* daohang_wo02@3x.png in Resources */ = {isa = PBXBuildFile; fileRef = 043A1CF41AF7995000E415BF /* daohang_wo02@3x.png */; };
		043A1D0F1AF79B4F00E415BF /* SLNavigationController.m in Sources */ = {isa = PBXBuildFile; fileRef = 043A1D0E1AF79B4F00E415BF /* SLNavigationController.m */; };
		043A1D121AF79EA900E415BF /* SLTabBarViewController.m in Sources */ = {isa = PBXBuildFile; fileRef = 043A1D111AF79EA900E415BF /* SLTabBarViewController.m */; };
		043A1D161AF7A1DF00E415BF /* SLTabBarItemButton.m in Sources */ = {isa = PBXBuildFile; fileRef = 043A1D151AF7A1DF00E415BF /* SLTabBarItemButton.m */; };
		0449F9D01AF8C8A200A5A2A2 /* SLCityListTableViewController.m in Sources */ = {isa = PBXBuildFile; fileRef = 0449F9CF1AF8C8A200A5A2A2 /* SLCityListTableViewController.m */; };
		0449F9F01AF8D79C00A5A2A2 /* publish_delete_normal.png in Resources */ = {isa = PBXBuildFile; fileRef = 0449F9D21AF8D79C00A5A2A2 /* publish_delete_normal.png */; };
		0449F9F11AF8D79C00A5A2A2 /* publish_delete_normal@2x.png in Resources */ = {isa = PBXBuildFile; fileRef = 0449F9D31AF8D79C00A5A2A2 /* publish_delete_normal@2x.png */; };
		0449F9F21AF8D79C00A5A2A2 /* publish_delete_normal@3x.png in Resources */ = {isa = PBXBuildFile; fileRef = 0449F9D41AF8D79C00A5A2A2 /* publish_delete_normal@3x.png */; };
		0449F9F31AF8D79C00A5A2A2 /* publish_icon1_normal.png in Resources */ = {isa = PBXBuildFile; fileRef = 0449F9D51AF8D79C00A5A2A2 /* publish_icon1_normal.png */; };
		0449F9F41AF8D79C00A5A2A2 /* publish_icon1_normal@2x.png in Resources */ = {isa = PBXBuildFile; fileRef = 0449F9D61AF8D79C00A5A2A2 /* publish_icon1_normal@2x.png */; };
		0449F9F51AF8D79C00A5A2A2 /* publish_icon1_normal@3x.png in Resources */ = {isa = PBXBuildFile; fileRef = 0449F9D71AF8D79C00A5A2A2 /* publish_icon1_normal@3x.png */; };
		0449F9F61AF8D79C00A5A2A2 /* publish_icon2_disable.png in Resources */ = {isa = PBXBuildFile; fileRef = 0449F9D81AF8D79C00A5A2A2 /* publish_icon2_disable.png */; };
		0449F9F71AF8D79C00A5A2A2 /* publish_icon2_disable@2x.png in Resources */ = {isa = PBXBuildFile; fileRef = 0449F9D91AF8D79C00A5A2A2 /* publish_icon2_disable@2x.png */; };
		0449F9F81AF8D79C00A5A2A2 /* publish_icon2_disable@3x.png in Resources */ = {isa = PBXBuildFile; fileRef = 0449F9DA1AF8D79C00A5A2A2 /* publish_icon2_disable@3x.png */; };
		0449F9F91AF8D79C00A5A2A2 /* publish_icon2_normal.png in Resources */ = {isa = PBXBuildFile; fileRef = 0449F9DB1AF8D79C00A5A2A2 /* publish_icon2_normal.png */; };
		0449F9FA1AF8D79C00A5A2A2 /* publish_icon2_normal@2x.png in Resources */ = {isa = PBXBuildFile; fileRef = 0449F9DC1AF8D79C00A5A2A2 /* publish_icon2_normal@2x.png */; };
		0449F9FB1AF8D79C00A5A2A2 /* publish_icon2_normal@3x.png in Resources */ = {isa = PBXBuildFile; fileRef = 0449F9DD1AF8D79C00A5A2A2 /* publish_icon2_normal@3x.png */; };
		0449F9FC1AF8D79C00A5A2A2 /* publish_icon_camera.png in Resources */ = {isa = PBXBuildFile; fileRef = 0449F9DE1AF8D79C00A5A2A2 /* publish_icon_camera.png */; };
		0449F9FD1AF8D79C00A5A2A2 /* publish_icon_camera@2x.png in Resources */ = {isa = PBXBuildFile; fileRef = 0449F9DF1AF8D79C00A5A2A2 /* publish_icon_camera@2x.png */; };
		0449F9FE1AF8D79C00A5A2A2 /* publish_icon_camera@3x.png in Resources */ = {isa = PBXBuildFile; fileRef = 0449F9E01AF8D79C00A5A2A2 /* publish_icon_camera@3x.png */; };
		0449F9FF1AF8D79C00A5A2A2 /* publish_icon_manager.png in Resources */ = {isa = PBXBuildFile; fileRef = 0449F9E11AF8D79C00A5A2A2 /* publish_icon_manager.png */; };
		0449FA001AF8D79C00A5A2A2 /* publish_icon_manager@2x.png in Resources */ = {isa = PBXBuildFile; fileRef = 0449F9E21AF8D79C00A5A2A2 /* publish_icon_manager@2x.png */; };
		0449FA011AF8D79C00A5A2A2 /* publish_icon_manager@3x.png in Resources */ = {isa = PBXBuildFile; fileRef = 0449F9E31AF8D79C00A5A2A2 /* publish_icon_manager@3x.png */; };
		0449FA021AF8D79C00A5A2A2 /* publish_icon_managers.png in Resources */ = {isa = PBXBuildFile; fileRef = 0449F9E41AF8D79C00A5A2A2 /* publish_icon_managers.png */; };
		0449FA031AF8D79C00A5A2A2 /* publish_icon_managers@2x.png in Resources */ = {isa = PBXBuildFile; fileRef = 0449F9E51AF8D79C00A5A2A2 /* publish_icon_managers@2x.png */; };
		0449FA041AF8D79C00A5A2A2 /* publish_icon_managers@3x.png in Resources */ = {isa = PBXBuildFile; fileRef = 0449F9E61AF8D79C00A5A2A2 /* publish_icon_managers@3x.png */; };
		0449FA051AF8D79C00A5A2A2 /* publish_icon_safe.png in Resources */ = {isa = PBXBuildFile; fileRef = 0449F9E71AF8D79C00A5A2A2 /* publish_icon_safe.png */; };
		0449FA061AF8D79C00A5A2A2 /* publish_icon_safe@2x.png in Resources */ = {isa = PBXBuildFile; fileRef = 0449F9E81AF8D79C00A5A2A2 /* publish_icon_safe@2x.png */; };
		0449FA071AF8D79C00A5A2A2 /* publish_icon_safe@3x.png in Resources */ = {isa = PBXBuildFile; fileRef = 0449F9E91AF8D79C00A5A2A2 /* publish_icon_safe@3x.png */; };
		0449FA081AF8D79C00A5A2A2 /* publish_more_normal.png in Resources */ = {isa = PBXBuildFile; fileRef = 0449F9EA1AF8D79C00A5A2A2 /* publish_more_normal.png */; };
		0449FA091AF8D79C00A5A2A2 /* publish_more_normal@2x.png in Resources */ = {isa = PBXBuildFile; fileRef = 0449F9EB1AF8D79C00A5A2A2 /* publish_more_normal@2x.png */; };
		0449FA0A1AF8D79C00A5A2A2 /* publish_more_normal@3x.png in Resources */ = {isa = PBXBuildFile; fileRef = 0449F9EC1AF8D79C00A5A2A2 /* publish_more_normal@3x.png */; };
		0449FA0B1AF8D79C00A5A2A2 /* publish_pic_normal.png in Resources */ = {isa = PBXBuildFile; fileRef = 0449F9ED1AF8D79C00A5A2A2 /* publish_pic_normal.png */; };
		0449FA0C1AF8D79C00A5A2A2 /* publish_pic_normal@2x.png in Resources */ = {isa = PBXBuildFile; fileRef = 0449F9EE1AF8D79C00A5A2A2 /* publish_pic_normal@2x.png */; };
		0449FA0D1AF8D79C00A5A2A2 /* publish_pic_normal@3x.png in Resources */ = {isa = PBXBuildFile; fileRef = 0449F9EF1AF8D79C00A5A2A2 /* publish_pic_normal@3x.png */; };
/* End PBXBuildFile section */

/* Begin PBXContainerItemProxy section */
		043A1CA51AF78E7500E415BF /* PBXContainerItemProxy */ = {
			isa = PBXContainerItemProxy;
			containerPortal = 043A1C801AF78E7400E415BF /* Project object */;
			proxyType = 1;
			remoteGlobalIDString = 043A1C871AF78E7500E415BF;
			remoteInfo = MyProjectFDD;
		};
/* End PBXContainerItemProxy section */

/* Begin PBXFileReference section */
		04052DBC1AF8810700AEE27A /* SLUIFactory.h */ = {isa = PBXFileReference; fileEncoding = 4; lastKnownFileType = sourcecode.c.h; path = SLUIFactory.h; sourceTree = "<group>"; };
		04052DBD1AF8810700AEE27A /* SLUIFactory.m */ = {isa = PBXFileReference; fileEncoding = 4; lastKnownFileType = sourcecode.c.objc; path = SLUIFactory.m; sourceTree = "<group>"; };
		04052DC01AF8821600AEE27A /* nav_caidan.png */ = {isa = PBXFileReference; lastKnownFileType = image.png; path = nav_caidan.png; sourceTree = "<group>"; };
		04052DC11AF8821600AEE27A /* nav_caidan@2x.png */ = {isa = PBXFileReference; lastKnownFileType = image.png; path = "nav_caidan@2x.png"; sourceTree = "<group>"; };
		04052DC21AF8821600AEE27A /* nav_caidan@3x.png */ = {isa = PBXFileReference; lastKnownFileType = image.png; path = "nav_caidan@3x.png"; sourceTree = "<group>"; };
		04052DC31AF8821600AEE27A /* nav_ditu.png */ = {isa = PBXFileReference; lastKnownFileType = image.png; path = nav_ditu.png; sourceTree = "<group>"; };
		04052DC41AF8821600AEE27A /* nav_ditu@2x.png */ = {isa = PBXFileReference; lastKnownFileType = image.png; path = "nav_ditu@2x.png"; sourceTree = "<group>"; };
		04052DC51AF8821600AEE27A /* nav_ditu@3x.png */ = {isa = PBXFileReference; lastKnownFileType = image.png; path = "nav_ditu@3x.png"; sourceTree = "<group>"; };
		04052DC61AF8821600AEE27A /* nav_fanhui.png */ = {isa = PBXFileReference; lastKnownFileType = image.png; path = nav_fanhui.png; sourceTree = "<group>"; };
		04052DC71AF8821600AEE27A /* nav_fanhui@2x.png */ = {isa = PBXFileReference; lastKnownFileType = image.png; path = "nav_fanhui@2x.png"; sourceTree = "<group>"; };
		04052DC81AF8821600AEE27A /* nav_fanhui@3x.png */ = {isa = PBXFileReference; lastKnownFileType = image.png; path = "nav_fanhui@3x.png"; sourceTree = "<group>"; };
		04052DC91AF8821600AEE27A /* nav_fenxiang.png */ = {isa = PBXFileReference; lastKnownFileType = image.png; path = nav_fenxiang.png; sourceTree = "<group>"; };
		04052DCA1AF8821600AEE27A /* nav_fenxiang@2x.png */ = {isa = PBXFileReference; lastKnownFileType = image.png; path = "nav_fenxiang@2x.png"; sourceTree = "<group>"; };
		04052DCB1AF8821600AEE27A /* nav_fenxiang@3x.png */ = {isa = PBXFileReference; lastKnownFileType = image.png; path = "nav_fenxiang@3x.png"; sourceTree = "<group>"; };
		04052DCC1AF8821600AEE27A /* nav_gengduo.png */ = {isa = PBXFileReference; lastKnownFileType = image.png; path = nav_gengduo.png; sourceTree = "<group>"; };
		04052DCD1AF8821600AEE27A /* nav_gengduo@2x.png */ = {isa = PBXFileReference; lastKnownFileType = image.png; path = "nav_gengduo@2x.png"; sourceTree = "<group>"; };
		04052DCE1AF8821600AEE27A /* nav_gengduo@3x.png */ = {isa = PBXFileReference; lastKnownFileType = image.png; path = "nav_gengduo@3x.png"; sourceTree = "<group>"; };
		04052DCF1AF8821600AEE27A /* nav_sousuo.png */ = {isa = PBXFileReference; lastKnownFileType = image.png; path = nav_sousuo.png; sourceTree = "<group>"; };
		04052DD01AF8821600AEE27A /* nav_sousuo@2x.png */ = {isa = PBXFileReference; lastKnownFileType = image.png; path = "nav_sousuo@2x.png"; sourceTree = "<group>"; };
		04052DD11AF8821600AEE27A /* nav_sousuo@3x.png */ = {isa = PBXFileReference; lastKnownFileType = image.png; path = "nav_sousuo@3x.png"; sourceTree = "<group>"; };
		04052DD21AF8821600AEE27A /* nav_sousuo_s.png */ = {isa = PBXFileReference; lastKnownFileType = image.png; path = nav_sousuo_s.png; sourceTree = "<group>"; };
		04052DD31AF8821600AEE27A /* nav_sousuo_s@2x.png */ = {isa = PBXFileReference; lastKnownFileType = image.png; path = "nav_sousuo_s@2x.png"; sourceTree = "<group>"; };
		04052DD41AF8821600AEE27A /* nav_sousuo_s@3x.png */ = {isa = PBXFileReference; lastKnownFileType = image.png; path = "nav_sousuo_s@3x.png"; sourceTree = "<group>"; };
		04052DD51AF8821600AEE27A /* nav_xiala.png */ = {isa = PBXFileReference; lastKnownFileType = image.png; path = nav_xiala.png; sourceTree = "<group>"; };
		04052DD61AF8821600AEE27A /* nav_xiala@2x.png */ = {isa = PBXFileReference; lastKnownFileType = image.png; path = "nav_xiala@2x.png"; sourceTree = "<group>"; };
		04052DD71AF8821600AEE27A /* nav_xiala@3x.png */ = {isa = PBXFileReference; lastKnownFileType = image.png; path = "nav_xiala@3x.png"; sourceTree = "<group>"; };
		04052DD81AF8821600AEE27A /* nav_xiaoxi.png */ = {isa = PBXFileReference; lastKnownFileType = image.png; path = nav_xiaoxi.png; sourceTree = "<group>"; };
		04052DD91AF8821600AEE27A /* nav_xiaoxi@2x.png */ = {isa = PBXFileReference; lastKnownFileType = image.png; path = "nav_xiaoxi@2x.png"; sourceTree = "<group>"; };
		04052DDA1AF8821600AEE27A /* nav_xiaoxi@3x.png */ = {isa = PBXFileReference; lastKnownFileType = image.png; path = "nav_xiaoxi@3x.png"; sourceTree = "<group>"; };
		04052DF61AF8B06900AEE27A /* 0_bg01@2x.png */ = {isa = PBXFileReference; lastKnownFileType = image.png; path = "0_bg01@2x.png"; sourceTree = "<group>"; };
		043A1C881AF78E7500E415BF /* MyProjectFDD.app */ = {isa = PBXFileReference; explicitFileType = wrapper.application; includeInIndex = 0; path = MyProjectFDD.app; sourceTree = BUILT_PRODUCTS_DIR; };
		043A1C8C1AF78E7500E415BF /* Info.plist */ = {isa = PBXFileReference; lastKnownFileType = text.plist.xml; path = Info.plist; sourceTree = "<group>"; };
		043A1C8D1AF78E7500E415BF /* main.m */ = {isa = PBXFileReference; lastKnownFileType = sourcecode.c.objc; path = main.m; sourceTree = "<group>"; };
		043A1C8F1AF78E7500E415BF /* AppDelegate.h */ = {isa = PBXFileReference; lastKnownFileType = sourcecode.c.h; path = AppDelegate.h; sourceTree = "<group>"; };
		043A1C901AF78E7500E415BF /* AppDelegate.m */ = {isa = PBXFileReference; lastKnownFileType = sourcecode.c.objc; path = AppDelegate.m; sourceTree = "<group>"; };
		043A1C931AF78E7500E415BF /* MyProjectFDD.xcdatamodel */ = {isa = PBXFileReference; lastKnownFileType = wrapper.xcdatamodel; path = MyProjectFDD.xcdatamodel; sourceTree = "<group>"; };
		043A1C9B1AF78E7500E415BF /* Images.xcassets */ = {isa = PBXFileReference; lastKnownFileType = folder.assetcatalog; path = Images.xcassets; sourceTree = "<group>"; };
		043A1C9E1AF78E7500E415BF /* Base */ = {isa = PBXFileReference; lastKnownFileType = file.xib; name = Base; path = Base.lproj/LaunchScreen.xib; sourceTree = "<group>"; };
		043A1CA41AF78E7500E415BF /* MyProjectFDDTests.xctest */ = {isa = PBXFileReference; explicitFileType = wrapper.cfbundle; includeInIndex = 0; path = MyProjectFDDTests.xctest; sourceTree = BUILT_PRODUCTS_DIR; };
		043A1CA91AF78E7500E415BF /* Info.plist */ = {isa = PBXFileReference; lastKnownFileType = text.plist.xml; path = Info.plist; sourceTree = "<group>"; };
		043A1CAA1AF78E7500E415BF /* MyProjectFDDTests.m */ = {isa = PBXFileReference; lastKnownFileType = sourcecode.c.objc; path = MyProjectFDDTests.m; sourceTree = "<group>"; };
		043A1CC31AF794FE00E415BF /* SLAppSupport.h */ = {isa = PBXFileReference; fileEncoding = 4; lastKnownFileType = sourcecode.c.h; path = SLAppSupport.h; sourceTree = "<group>"; };
		043A1CC41AF794FE00E415BF /* SLAppSupport.m */ = {isa = PBXFileReference; fileEncoding = 4; lastKnownFileType = sourcecode.c.objc; path = SLAppSupport.m; sourceTree = "<group>"; };
		043A1CC61AF796EB00E415BF /* SLSellHouseViewController.h */ = {isa = PBXFileReference; fileEncoding = 4; lastKnownFileType = sourcecode.c.h; name = SLSellHouseViewController.h; path = MyProjectFDD/SellHouse/SLSellHouseViewController.h; sourceTree = SOURCE_ROOT; };
		043A1CC71AF796EB00E415BF /* SLSellHouseViewController.m */ = {isa = PBXFileReference; fileEncoding = 4; lastKnownFileType = sourcecode.c.objc; name = SLSellHouseViewController.m; path = MyProjectFDD/SellHouse/SLSellHouseViewController.m; sourceTree = SOURCE_ROOT; };
		043A1CC81AF796EB00E415BF /* SLSellHouseViewController.xib */ = {isa = PBXFileReference; fileEncoding = 4; lastKnownFileType = file.xib; name = SLSellHouseViewController.xib; path = MyProjectFDD/SellHouse/SLSellHouseViewController.xib; sourceTree = SOURCE_ROOT; };
		043A1CCB1AF7970400E415BF /* SLBuyHouseViewController.h */ = {isa = PBXFileReference; fileEncoding = 4; lastKnownFileType = sourcecode.c.h; name = SLBuyHouseViewController.h; path = MyProjectFDD/BuyHouse/SLBuyHouseViewController.h; sourceTree = SOURCE_ROOT; };
		043A1CCC1AF7970400E415BF /* SLBuyHouseViewController.m */ = {isa = PBXFileReference; fileEncoding = 4; lastKnownFileType = sourcecode.c.objc; name = SLBuyHouseViewController.m; path = MyProjectFDD/BuyHouse/SLBuyHouseViewController.m; sourceTree = SOURCE_ROOT; };
		043A1CCD1AF7970400E415BF /* SLBuyHouseViewController.xib */ = {isa = PBXFileReference; fileEncoding = 4; lastKnownFileType = file.xib; name = SLBuyHouseViewController.xib; path = MyProjectFDD/BuyHouse/SLBuyHouseViewController.xib; sourceTree = SOURCE_ROOT; };
		043A1CD01AF7971400E415BF /* SLMeViewController.h */ = {isa = PBXFileReference; fileEncoding = 4; lastKnownFileType = sourcecode.c.h; path = SLMeViewController.h; sourceTree = "<group>"; };
		043A1CD11AF7971400E415BF /* SLMeViewController.m */ = {isa = PBXFileReference; fileEncoding = 4; lastKnownFileType = sourcecode.c.objc; path = SLMeViewController.m; sourceTree = "<group>"; };
		043A1CD21AF7971400E415BF /* SLMeViewController.xib */ = {isa = PBXFileReference; fileEncoding = 4; lastKnownFileType = file.xib; path = SLMeViewController.xib; sourceTree = "<group>"; };
		043A1CD51AF7972200E415BF /* SLSettingViewController.h */ = {isa = PBXFileReference; fileEncoding = 4; lastKnownFileType = sourcecode.c.h; path = SLSettingViewController.h; sourceTree = "<group>"; };
		043A1CD61AF7972200E415BF /* SLSettingViewController.m */ = {isa = PBXFileReference; fileEncoding = 4; lastKnownFileType = sourcecode.c.objc; path = SLSettingViewController.m; sourceTree = "<group>"; };
		043A1CD71AF7972200E415BF /* SLSettingViewController.xib */ = {isa = PBXFileReference; fileEncoding = 4; lastKnownFileType = file.xib; path = SLSettingViewController.xib; sourceTree = "<group>"; };
		043A1CDD1AF7995000E415BF /* daohang_buy01.png */ = {isa = PBXFileReference; lastKnownFileType = image.png; path = daohang_buy01.png; sourceTree = "<group>"; };
		043A1CDE1AF7995000E415BF /* daohang_buy01@2x.png */ = {isa = PBXFileReference; lastKnownFileType = image.png; path = "daohang_buy01@2x.png"; sourceTree = "<group>"; };
		043A1CDF1AF7995000E415BF /* daohang_buy01@3x.png */ = {isa = PBXFileReference; lastKnownFileType = image.png; path = "daohang_buy01@3x.png"; sourceTree = "<group>"; };
		043A1CE01AF7995000E415BF /* daohang_buy02.png */ = {isa = PBXFileReference; lastKnownFileType = image.png; path = daohang_buy02.png; sourceTree = "<group>"; };
		043A1CE11AF7995000E415BF /* daohang_buy02@2x.png */ = {isa = PBXFileReference; lastKnownFileType = image.png; path = "daohang_buy02@2x.png"; sourceTree = "<group>"; };
		043A1CE21AF7995000E415BF /* daohang_buy02@3x.png */ = {isa = PBXFileReference; lastKnownFileType = image.png; path = "daohang_buy02@3x.png"; sourceTree = "<group>"; };
		043A1CE31AF7995000E415BF /* daohang_gengduo01.png */ = {isa = PBXFileReference; lastKnownFileType = image.png; path = daohang_gengduo01.png; sourceTree = "<group>"; };
		043A1CE41AF7995000E415BF /* daohang_gengduo01@2x.png */ = {isa = PBXFileReference; lastKnownFileType = image.png; path = "daohang_gengduo01@2x.png"; sourceTree = "<group>"; };
		043A1CE51AF7995000E415BF /* daohang_gengduo01@3x.png */ = {isa = PBXFileReference; lastKnownFileType = image.png; path = "daohang_gengduo01@3x.png"; sourceTree = "<group>"; };
		043A1CE61AF7995000E415BF /* daohang_gengduo02.png */ = {isa = PBXFileReference; lastKnownFileType = image.png; path = daohang_gengduo02.png; sourceTree = "<group>"; };
		043A1CE71AF7995000E415BF /* daohang_gengduo02@2x.png */ = {isa = PBXFileReference; lastKnownFileType = image.png; path = "daohang_gengduo02@2x.png"; sourceTree = "<group>"; };
		043A1CE81AF7995000E415BF /* daohang_gengduo02@3x.png */ = {isa = PBXFileReference; lastKnownFileType = image.png; path = "daohang_gengduo02@3x.png"; sourceTree = "<group>"; };
		043A1CE91AF7995000E415BF /* daohang_sell01.png */ = {isa = PBXFileReference; lastKnownFileType = image.png; path = daohang_sell01.png; sourceTree = "<group>"; };
		043A1CEA1AF7995000E415BF /* daohang_sell01@2x.png */ = {isa = PBXFileReference; lastKnownFileType = image.png; path = "daohang_sell01@2x.png"; sourceTree = "<group>"; };
		043A1CEB1AF7995000E415BF /* daohang_sell01@3x.png */ = {isa = PBXFileReference; lastKnownFileType = image.png; path = "daohang_sell01@3x.png"; sourceTree = "<group>"; };
		043A1CEC1AF7995000E415BF /* daohang_sell02.png */ = {isa = PBXFileReference; lastKnownFileType = image.png; path = daohang_sell02.png; sourceTree = "<group>"; };
		043A1CED1AF7995000E415BF /* daohang_sell02@2x.png */ = {isa = PBXFileReference; lastKnownFileType = image.png; path = "daohang_sell02@2x.png"; sourceTree = "<group>"; };
		043A1CEE1AF7995000E415BF /* daohang_sell02@3x.png */ = {isa = PBXFileReference; lastKnownFileType = image.png; path = "daohang_sell02@3x.png"; sourceTree = "<group>"; };
		043A1CEF1AF7995000E415BF /* daohang_wo01.png */ = {isa = PBXFileReference; lastKnownFileType = image.png; path = daohang_wo01.png; sourceTree = "<group>"; };
		043A1CF01AF7995000E415BF /* daohang_wo01@2x.png */ = {isa = PBXFileReference; lastKnownFileType = image.png; path = "daohang_wo01@2x.png"; sourceTree = "<group>"; };
		043A1CF11AF7995000E415BF /* daohang_wo01@3x.png */ = {isa = PBXFileReference; lastKnownFileType = image.png; path = "daohang_wo01@3x.png"; sourceTree = "<group>"; };
		043A1CF21AF7995000E415BF /* daohang_wo02.png */ = {isa = PBXFileReference; lastKnownFileType = image.png; path = daohang_wo02.png; sourceTree = "<group>"; };
		043A1CF31AF7995000E415BF /* daohang_wo02@2x.png */ = {isa = PBXFileReference; lastKnownFileType = image.png; path = "daohang_wo02@2x.png"; sourceTree = "<group>"; };
		043A1CF41AF7995000E415BF /* daohang_wo02@3x.png */ = {isa = PBXFileReference; lastKnownFileType = image.png; path = "daohang_wo02@3x.png"; sourceTree = "<group>"; };
		043A1D0D1AF79B4F00E415BF /* SLNavigationController.h */ = {isa = PBXFileReference; fileEncoding = 4; lastKnownFileType = sourcecode.c.h; path = SLNavigationController.h; sourceTree = "<group>"; };
		043A1D0E1AF79B4F00E415BF /* SLNavigationController.m */ = {isa = PBXFileReference; fileEncoding = 4; lastKnownFileType = sourcecode.c.objc; path = SLNavigationController.m; sourceTree = "<group>"; };
		043A1D101AF79EA900E415BF /* SLTabBarViewController.h */ = {isa = PBXFileReference; fileEncoding = 4; lastKnownFileType = sourcecode.c.h; path = SLTabBarViewController.h; sourceTree = "<group>"; };
		043A1D111AF79EA900E415BF /* SLTabBarViewController.m */ = {isa = PBXFileReference; fileEncoding = 4; lastKnownFileType = sourcecode.c.objc; path = SLTabBarViewController.m; sourceTree = "<group>"; };
		043A1D131AF7A04200E415BF /* SLGlobalDefine.h */ = {isa = PBXFileReference; fileEncoding = 4; lastKnownFileType = sourcecode.c.h; path = SLGlobalDefine.h; sourceTree = "<group>"; };
		043A1D141AF7A1DF00E415BF /* SLTabBarItemButton.h */ = {isa = PBXFileReference; fileEncoding = 4; lastKnownFileType = sourcecode.c.h; path = SLTabBarItemButton.h; sourceTree = "<group>"; };
		043A1D151AF7A1DF00E415BF /* SLTabBarItemButton.m */ = {isa = PBXFileReference; fileEncoding = 4; lastKnownFileType = sourcecode.c.objc; path = SLTabBarItemButton.m; sourceTree = "<group>"; };
		0449F9CE1AF8C8A200A5A2A2 /* SLCityListTableViewController.h */ = {isa = PBXFileReference; fileEncoding = 4; lastKnownFileType = sourcecode.c.h; name = SLCityListTableViewController.h; path = MyProjectFDD/BuyHouse/SLCityListTableViewController.h; sourceTree = SOURCE_ROOT; };
		0449F9CF1AF8C8A200A5A2A2 /* SLCityListTableViewController.m */ = {isa = PBXFileReference; fileEncoding = 4; lastKnownFileType = sourcecode.c.objc; name = SLCityListTableViewController.m; path = MyProjectFDD/BuyHouse/SLCityListTableViewController.m; sourceTree = SOURCE_ROOT; };
		0449F9D21AF8D79C00A5A2A2 /* publish_delete_normal.png */ = {isa = PBXFileReference; lastKnownFileType = image.png; path = publish_delete_normal.png; sourceTree = "<group>"; };
		0449F9D31AF8D79C00A5A2A2 /* publish_delete_normal@2x.png */ = {isa = PBXFileReference; lastKnownFileType = image.png; path = "publish_delete_normal@2x.png"; sourceTree = "<group>"; };
		0449F9D41AF8D79C00A5A2A2 /* publish_delete_normal@3x.png */ = {isa = PBXFileReference; lastKnownFileType = image.png; path = "publish_delete_normal@3x.png"; sourceTree = "<group>"; };
		0449F9D51AF8D79C00A5A2A2 /* publish_icon1_normal.png */ = {isa = PBXFileReference; lastKnownFileType = image.png; path = publish_icon1_normal.png; sourceTree = "<group>"; };
		0449F9D61AF8D79C00A5A2A2 /* publish_icon1_normal@2x.png */ = {isa = PBXFileReference; lastKnownFileType = image.png; path = "publish_icon1_normal@2x.png"; sourceTree = "<group>"; };
		0449F9D71AF8D79C00A5A2A2 /* publish_icon1_normal@3x.png */ = {isa = PBXFileReference; lastKnownFileType = image.png; path = "publish_icon1_normal@3x.png"; sourceTree = "<group>"; };
		0449F9D81AF8D79C00A5A2A2 /* publish_icon2_disable.png */ = {isa = PBXFileReference; lastKnownFileType = image.png; path = publish_icon2_disable.png; sourceTree = "<group>"; };
		0449F9D91AF8D79C00A5A2A2 /* publish_icon2_disable@2x.png */ = {isa = PBXFileReference; lastKnownFileType = image.png; path = "publish_icon2_disable@2x.png"; sourceTree = "<group>"; };
		0449F9DA1AF8D79C00A5A2A2 /* publish_icon2_disable@3x.png */ = {isa = PBXFileReference; lastKnownFileType = image.png; path = "publish_icon2_disable@3x.png"; sourceTree = "<group>"; };
		0449F9DB1AF8D79C00A5A2A2 /* publish_icon2_normal.png */ = {isa = PBXFileReference; lastKnownFileType = image.png; path = publish_icon2_normal.png; sourceTree = "<group>"; };
		0449F9DC1AF8D79C00A5A2A2 /* publish_icon2_normal@2x.png */ = {isa = PBXFileReference; lastKnownFileType = image.png; path = "publish_icon2_normal@2x.png"; sourceTree = "<group>"; };
		0449F9DD1AF8D79C00A5A2A2 /* publish_icon2_normal@3x.png */ = {isa = PBXFileReference; lastKnownFileType = image.png; path = "publish_icon2_normal@3x.png"; sourceTree = "<group>"; };
		0449F9DE1AF8D79C00A5A2A2 /* publish_icon_camera.png */ = {isa = PBXFileReference; lastKnownFileType = image.png; path = publish_icon_camera.png; sourceTree = "<group>"; };
		0449F9DF1AF8D79C00A5A2A2 /* publish_icon_camera@2x.png */ = {isa = PBXFileReference; lastKnownFileType = image.png; path = "publish_icon_camera@2x.png"; sourceTree = "<group>"; };
		0449F9E01AF8D79C00A5A2A2 /* publish_icon_camera@3x.png */ = {isa = PBXFileReference; lastKnownFileType = image.png; path = "publish_icon_camera@3x.png"; sourceTree = "<group>"; };
		0449F9E11AF8D79C00A5A2A2 /* publish_icon_manager.png */ = {isa = PBXFileReference; lastKnownFileType = image.png; path = publish_icon_manager.png; sourceTree = "<group>"; };
		0449F9E21AF8D79C00A5A2A2 /* publish_icon_manager@2x.png */ = {isa = PBXFileReference; lastKnownFileType = image.png; path = "publish_icon_manager@2x.png"; sourceTree = "<group>"; };
		0449F9E31AF8D79C00A5A2A2 /* publish_icon_manager@3x.png */ = {isa = PBXFileReference; lastKnownFileType = image.png; path = "publish_icon_manager@3x.png"; sourceTree = "<group>"; };
		0449F9E41AF8D79C00A5A2A2 /* publish_icon_managers.png */ = {isa = PBXFileReference; lastKnownFileType = image.png; path = publish_icon_managers.png; sourceTree = "<group>"; };
		0449F9E51AF8D79C00A5A2A2 /* publish_icon_managers@2x.png */ = {isa = PBXFileReference; lastKnownFileType = image.png; path = "publish_icon_managers@2x.png"; sourceTree = "<group>"; };
		0449F9E61AF8D79C00A5A2A2 /* publish_icon_managers@3x.png */ = {isa = PBXFileReference; lastKnownFileType = image.png; path = "publish_icon_managers@3x.png"; sourceTree = "<group>"; };
		0449F9E71AF8D79C00A5A2A2 /* publish_icon_safe.png */ = {isa = PBXFileReference; lastKnownFileType = image.png; path = publish_icon_safe.png; sourceTree = "<group>"; };
		0449F9E81AF8D79C00A5A2A2 /* publish_icon_safe@2x.png */ = {isa = PBXFileReference; lastKnownFileType = image.png; path = "publish_icon_safe@2x.png"; sourceTree = "<group>"; };
		0449F9E91AF8D79C00A5A2A2 /* publish_icon_safe@3x.png */ = {isa = PBXFileReference; lastKnownFileType = image.png; path = "publish_icon_safe@3x.png"; sourceTree = "<group>"; };
		0449F9EA1AF8D79C00A5A2A2 /* publish_more_normal.png */ = {isa = PBXFileReference; lastKnownFileType = image.png; path = publish_more_normal.png; sourceTree = "<group>"; };
		0449F9EB1AF8D79C00A5A2A2 /* publish_more_normal@2x.png */ = {isa = PBXFileReference; lastKnownFileType = image.png; path = "publish_more_normal@2x.png"; sourceTree = "<group>"; };
		0449F9EC1AF8D79C00A5A2A2 /* publish_more_normal@3x.png */ = {isa = PBXFileReference; lastKnownFileType = image.png; path = "publish_more_normal@3x.png"; sourceTree = "<group>"; };
		0449F9ED1AF8D79C00A5A2A2 /* publish_pic_normal.png */ = {isa = PBXFileReference; lastKnownFileType = image.png; path = publish_pic_normal.png; sourceTree = "<group>"; };
		0449F9EE1AF8D79C00A5A2A2 /* publish_pic_normal@2x.png */ = {isa = PBXFileReference; lastKnownFileType = image.png; path = "publish_pic_normal@2x.png"; sourceTree = "<group>"; };
		0449F9EF1AF8D79C00A5A2A2 /* publish_pic_normal@3x.png */ = {isa = PBXFileReference; lastKnownFileType = image.png; path = "publish_pic_normal@3x.png"; sourceTree = "<group>"; };
/* End PBXFileReference section */

/* Begin PBXFrameworksBuildPhase section */
		043A1C851AF78E7500E415BF /* Frameworks */ = {
			isa = PBXFrameworksBuildPhase;
			buildActionMask = 2147483647;
			files = (
			);
			runOnlyForDeploymentPostprocessing = 0;
		};
		043A1CA11AF78E7500E415BF /* Frameworks */ = {
			isa = PBXFrameworksBuildPhase;
			buildActionMask = 2147483647;
			files = (
			);
			runOnlyForDeploymentPostprocessing = 0;
		};
/* End PBXFrameworksBuildPhase section */

/* Begin PBXGroup section */
		04052DBF1AF8821600AEE27A /* navgation */ = {
			isa = PBXGroup;
			children = (
				04052DC01AF8821600AEE27A /* nav_caidan.png */,
				04052DC11AF8821600AEE27A /* nav_caidan@2x.png */,
				04052DC21AF8821600AEE27A /* nav_caidan@3x.png */,
				04052DC31AF8821600AEE27A /* nav_ditu.png */,
				04052DC41AF8821600AEE27A /* nav_ditu@2x.png */,
				04052DC51AF8821600AEE27A /* nav_ditu@3x.png */,
				04052DC61AF8821600AEE27A /* nav_fanhui.png */,
				04052DC71AF8821600AEE27A /* nav_fanhui@2x.png */,
				04052DC81AF8821600AEE27A /* nav_fanhui@3x.png */,
				04052DC91AF8821600AEE27A /* nav_fenxiang.png */,
				04052DCA1AF8821600AEE27A /* nav_fenxiang@2x.png */,
				04052DCB1AF8821600AEE27A /* nav_fenxiang@3x.png */,
				04052DCC1AF8821600AEE27A /* nav_gengduo.png */,
				04052DCD1AF8821600AEE27A /* nav_gengduo@2x.png */,
				04052DCE1AF8821600AEE27A /* nav_gengduo@3x.png */,
				04052DCF1AF8821600AEE27A /* nav_sousuo.png */,
				04052DD01AF8821600AEE27A /* nav_sousuo@2x.png */,
				04052DD11AF8821600AEE27A /* nav_sousuo@3x.png */,
				04052DD21AF8821600AEE27A /* nav_sousuo_s.png */,
				04052DD31AF8821600AEE27A /* nav_sousuo_s@2x.png */,
				04052DD41AF8821600AEE27A /* nav_sousuo_s@3x.png */,
				04052DD51AF8821600AEE27A /* nav_xiala.png */,
				04052DD61AF8821600AEE27A /* nav_xiala@2x.png */,
				04052DD71AF8821600AEE27A /* nav_xiala@3x.png */,
				04052DD81AF8821600AEE27A /* nav_xiaoxi.png */,
				04052DD91AF8821600AEE27A /* nav_xiaoxi@2x.png */,
				04052DDA1AF8821600AEE27A /* nav_xiaoxi@3x.png */,
			);
			path = navgation;
			sourceTree = "<group>";
		};
		043A1C7F1AF78E7400E415BF = {
			isa = PBXGroup;
			children = (
				043A1CDB1AF798E600E415BF /* Resources */,
				043A1CDA1AF798E600E415BF /* Libraries */,
				043A1CB61AF7920E00E415BF /* Frameworks */,
				043A1C8A1AF78E7500E415BF /* MyProjectFDD */,
				043A1CA71AF78E7500E415BF /* MyProjectFDDTests */,
				043A1C891AF78E7500E415BF /* Products */,
			);
			sourceTree = "<group>";
		};
		043A1C891AF78E7500E415BF /* Products */ = {
			isa = PBXGroup;
			children = (
				043A1C881AF78E7500E415BF /* MyProjectFDD.app */,
				043A1CA41AF78E7500E415BF /* MyProjectFDDTests.xctest */,
			);
			name = Products;
			sourceTree = "<group>";
		};
		043A1C8A1AF78E7500E415BF /* MyProjectFDD */ = {
			isa = PBXGroup;
			children = (
				043A1C8F1AF78E7500E415BF /* AppDelegate.h */,
				043A1C901AF78E7500E415BF /* AppDelegate.m */,
				043A1D131AF7A04200E415BF /* SLGlobalDefine.h */,
				043A1C9B1AF78E7500E415BF /* Images.xcassets */,
				043A1C9D1AF78E7500E415BF /* LaunchScreen.xib */,
				043A1C921AF78E7500E415BF /* MyProjectFDD.xcdatamodeld */,
				043A1CC21AF7942B00E415BF /* Search */,
				043A1CC11AF793FC00E415BF /* Login&Register */,
				043A1CC01AF793DB00E415BF /* Setting */,
				043A1CBF1AF793BE00E415BF /* Me */,
				043A1CBE1AF7938200E415BF /* BuyHouse */,
				043A1CBD1AF7935C00E415BF /* SellHouse */,
				043A1CB81AF792E400E415BF /* Common */,
				043A1C8B1AF78E7500E415BF /* Supporting Files */,
			);
			path = MyProjectFDD;
			sourceTree = "<group>";
		};
		043A1C8B1AF78E7500E415BF /* Supporting Files */ = {
			isa = PBXGroup;
			children = (
				043A1C8C1AF78E7500E415BF /* Info.plist */,
				043A1C8D1AF78E7500E415BF /* main.m */,
			);
			name = "Supporting Files";
			sourceTree = "<group>";
		};
		043A1CA71AF78E7500E415BF /* MyProjectFDDTests */ = {
			isa = PBXGroup;
			children = (
				043A1CAA1AF78E7500E415BF /* MyProjectFDDTests.m */,
				043A1CA81AF78E7500E415BF /* Supporting Files */,
			);
			path = MyProjectFDDTests;
			sourceTree = "<group>";
		};
		043A1CA81AF78E7500E415BF /* Supporting Files */ = {
			isa = PBXGroup;
			children = (
				043A1CA91AF78E7500E415BF /* Info.plist */,
			);
			name = "Supporting Files";
			sourceTree = "<group>";
		};
		043A1CB61AF7920E00E415BF /* Frameworks */ = {
			isa = PBXGroup;
			children = (
			);
			name = Frameworks;
			path = MyProjectFDD/Frameworks;
			sourceTree = "<group>";
		};
		043A1CB81AF792E400E415BF /* Common */ = {
			isa = PBXGroup;
			children = (
				043A1CBC1AF7933300E415BF /* Tools */,
				043A1CBB1AF7931700E415BF /* CustomizedViews */,
				043A1CBA1AF7930A00E415BF /* Data */,
				043A1CB91AF792F500E415BF /* Manager */,
			);
			path = Common;
			sourceTree = "<group>";
		};
		043A1CB91AF792F500E415BF /* Manager */ = {
			isa = PBXGroup;
			children = (
				043A1CC31AF794FE00E415BF /* SLAppSupport.h */,
				043A1CC41AF794FE00E415BF /* SLAppSupport.m */,
			);
			path = Manager;
			sourceTree = "<group>";
		};
		043A1CBA1AF7930A00E415BF /* Data */ = {
			isa = PBXGroup;
			children = (
			);
			path = Data;
			sourceTree = "<group>";
		};
		043A1CBB1AF7931700E415BF /* CustomizedViews */ = {
			isa = PBXGroup;
			children = (
				043A1D141AF7A1DF00E415BF /* SLTabBarItemButton.h */,
				043A1D151AF7A1DF00E415BF /* SLTabBarItemButton.m */,
			);
			path = CustomizedViews;
			sourceTree = "<group>";
		};
		043A1CBC1AF7933300E415BF /* Tools */ = {
			isa = PBXGroup;
			children = (
				043A1D0D1AF79B4F00E415BF /* SLNavigationController.h */,
				043A1D0E1AF79B4F00E415BF /* SLNavigationController.m */,
				043A1D101AF79EA900E415BF /* SLTabBarViewController.h */,
				043A1D111AF79EA900E415BF /* SLTabBarViewController.m */,
				04052DBC1AF8810700AEE27A /* SLUIFactory.h */,
				04052DBD1AF8810700AEE27A /* SLUIFactory.m */,
			);
			path = Tools;
			sourceTree = "<group>";
		};
		043A1CBD1AF7935C00E415BF /* SellHouse */ = {
			isa = PBXGroup;
			children = (
				043A1CC61AF796EB00E415BF /* SLSellHouseViewController.h */,
				043A1CC71AF796EB00E415BF /* SLSellHouseViewController.m */,
				043A1CC81AF796EB00E415BF /* SLSellHouseViewController.xib */,
			);
			name = SellHouse;
			path = SellHourse;
			sourceTree = "<group>";
		};
		043A1CBE1AF7938200E415BF /* BuyHouse */ = {
			isa = PBXGroup;
			children = (
				043A1CCB1AF7970400E415BF /* SLBuyHouseViewController.h */,
				043A1CCC1AF7970400E415BF /* SLBuyHouseViewController.m */,
				0449F9CE1AF8C8A200A5A2A2 /* SLCityListTableViewController.h */,
				0449F9CF1AF8C8A200A5A2A2 /* SLCityListTableViewController.m */,
				043A1CCD1AF7970400E415BF /* SLBuyHouseViewController.xib */,
			);
			name = BuyHouse;
			path = SellHourse;
			sourceTree = "<group>";
		};
		043A1CBF1AF793BE00E415BF /* Me */ = {
			isa = PBXGroup;
			children = (
				043A1CD01AF7971400E415BF /* SLMeViewController.h */,
				043A1CD11AF7971400E415BF /* SLMeViewController.m */,
				043A1CD21AF7971400E415BF /* SLMeViewController.xib */,
			);
			path = Me;
			sourceTree = "<group>";
		};
		043A1CC01AF793DB00E415BF /* Setting */ = {
			isa = PBXGroup;
			children = (
				043A1CD51AF7972200E415BF /* SLSettingViewController.h */,
				043A1CD61AF7972200E415BF /* SLSettingViewController.m */,
				043A1CD71AF7972200E415BF /* SLSettingViewController.xib */,
			);
			path = Setting;
			sourceTree = "<group>";
		};
		043A1CC11AF793FC00E415BF /* Login&Register */ = {
			isa = PBXGroup;
			children = (
			);
			path = "Login&Register";
			sourceTree = "<group>";
		};
		043A1CC21AF7942B00E415BF /* Search */ = {
			isa = PBXGroup;
			children = (
			);
			path = Search;
			sourceTree = "<group>";
		};
		043A1CDA1AF798E600E415BF /* Libraries */ = {
			isa = PBXGroup;
			children = (
			);
			name = Libraries;
			path = MyProjectFDD/Frameworks/Libraries;
			sourceTree = "<group>";
		};
		043A1CDB1AF798E600E415BF /* Resources */ = {
			isa = PBXGroup;
			children = (
				0449F9D11AF8D79C00A5A2A2 /* publish */,
				04052DF61AF8B06900AEE27A /* 0_bg01@2x.png */,
				04052DBF1AF8821600AEE27A /* navgation */,
				043A1CDC1AF798FE00E415BF /* Tabbar */,
			);
			name = Resources;
			path = MyProjectFDD/Frameworks/Resources;
			sourceTree = "<group>";
		};
		043A1CDC1AF798FE00E415BF /* Tabbar */ = {
			isa = PBXGroup;
			children = (
				043A1CDD1AF7995000E415BF /* daohang_buy01.png */,
				043A1CDE1AF7995000E415BF /* daohang_buy01@2x.png */,
				043A1CDF1AF7995000E415BF /* daohang_buy01@3x.png */,
				043A1CE01AF7995000E415BF /* daohang_buy02.png */,
				043A1CE11AF7995000E415BF /* daohang_buy02@2x.png */,
				043A1CE21AF7995000E415BF /* daohang_buy02@3x.png */,
				043A1CE31AF7995000E415BF /* daohang_gengduo01.png */,
				043A1CE41AF7995000E415BF /* daohang_gengduo01@2x.png */,
				043A1CE51AF7995000E415BF /* daohang_gengduo01@3x.png */,
				043A1CE61AF7995000E415BF /* daohang_gengduo02.png */,
				043A1CE71AF7995000E415BF /* daohang_gengduo02@2x.png */,
				043A1CE81AF7995000E415BF /* daohang_gengduo02@3x.png */,
				043A1CE91AF7995000E415BF /* daohang_sell01.png */,
				043A1CEA1AF7995000E415BF /* daohang_sell01@2x.png */,
				043A1CEB1AF7995000E415BF /* daohang_sell01@3x.png */,
				043A1CEC1AF7995000E415BF /* daohang_sell02.png */,
				043A1CED1AF7995000E415BF /* daohang_sell02@2x.png */,
				043A1CEE1AF7995000E415BF /* daohang_sell02@3x.png */,
				043A1CEF1AF7995000E415BF /* daohang_wo01.png */,
				043A1CF01AF7995000E415BF /* daohang_wo01@2x.png */,
				043A1CF11AF7995000E415BF /* daohang_wo01@3x.png */,
				043A1CF21AF7995000E415BF /* daohang_wo02.png */,
				043A1CF31AF7995000E415BF /* daohang_wo02@2x.png */,
				043A1CF41AF7995000E415BF /* daohang_wo02@3x.png */,
			);
			name = Tabbar;
			path = ../../../Resources/Tabbar;
			sourceTree = "<group>";
		};
		0449F9D11AF8D79C00A5A2A2 /* publish */ = {
			isa = PBXGroup;
			children = (
				0449F9D21AF8D79C00A5A2A2 /* publish_delete_normal.png */,
				0449F9D31AF8D79C00A5A2A2 /* publish_delete_normal@2x.png */,
				0449F9D41AF8D79C00A5A2A2 /* publish_delete_normal@3x.png */,
				0449F9D51AF8D79C00A5A2A2 /* publish_icon1_normal.png */,
				0449F9D61AF8D79C00A5A2A2 /* publish_icon1_normal@2x.png */,
				0449F9D71AF8D79C00A5A2A2 /* publish_icon1_normal@3x.png */,
				0449F9D81AF8D79C00A5A2A2 /* publish_icon2_disable.png */,
				0449F9D91AF8D79C00A5A2A2 /* publish_icon2_disable@2x.png */,
				0449F9DA1AF8D79C00A5A2A2 /* publish_icon2_disable@3x.png */,
				0449F9DB1AF8D79C00A5A2A2 /* publish_icon2_normal.png */,
				0449F9DC1AF8D79C00A5A2A2 /* publish_icon2_normal@2x.png */,
				0449F9DD1AF8D79C00A5A2A2 /* publish_icon2_normal@3x.png */,
				0449F9DE1AF8D79C00A5A2A2 /* publish_icon_camera.png */,
				0449F9DF1AF8D79C00A5A2A2 /* publish_icon_camera@2x.png */,
				0449F9E01AF8D79C00A5A2A2 /* publish_icon_camera@3x.png */,
				0449F9E11AF8D79C00A5A2A2 /* publish_icon_manager.png */,
				0449F9E21AF8D79C00A5A2A2 /* publish_icon_manager@2x.png */,
				0449F9E31AF8D79C00A5A2A2 /* publish_icon_manager@3x.png */,
				0449F9E41AF8D79C00A5A2A2 /* publish_icon_managers.png */,
				0449F9E51AF8D79C00A5A2A2 /* publish_icon_managers@2x.png */,
				0449F9E61AF8D79C00A5A2A2 /* publish_icon_managers@3x.png */,
				0449F9E71AF8D79C00A5A2A2 /* publish_icon_safe.png */,
				0449F9E81AF8D79C00A5A2A2 /* publish_icon_safe@2x.png */,
				0449F9E91AF8D79C00A5A2A2 /* publish_icon_safe@3x.png */,
				0449F9EA1AF8D79C00A5A2A2 /* publish_more_normal.png */,
				0449F9EB1AF8D79C00A5A2A2 /* publish_more_normal@2x.png */,
				0449F9EC1AF8D79C00A5A2A2 /* publish_more_normal@3x.png */,
				0449F9ED1AF8D79C00A5A2A2 /* publish_pic_normal.png */,
				0449F9EE1AF8D79C00A5A2A2 /* publish_pic_normal@2x.png */,
				0449F9EF1AF8D79C00A5A2A2 /* publish_pic_normal@3x.png */,
			);
			path = publish;
			sourceTree = "<group>";
		};
/* End PBXGroup section */

/* Begin PBXNativeTarget section */
		043A1C871AF78E7500E415BF /* MyProjectFDD */ = {
			isa = PBXNativeTarget;
			buildConfigurationList = 043A1CAE1AF78E7500E415BF /* Build configuration list for PBXNativeTarget "MyProjectFDD" */;
			buildPhases = (
				043A1C841AF78E7500E415BF /* Sources */,
				043A1C851AF78E7500E415BF /* Frameworks */,
				043A1C861AF78E7500E415BF /* Resources */,
			);
			buildRules = (
			);
			dependencies = (
			);
			name = MyProjectFDD;
			productName = MyProjectFDD;
			productReference = 043A1C881AF78E7500E415BF /* MyProjectFDD.app */;
			productType = "com.apple.product-type.application";
		};
		043A1CA31AF78E7500E415BF /* MyProjectFDDTests */ = {
			isa = PBXNativeTarget;
			buildConfigurationList = 043A1CB11AF78E7500E415BF /* Build configuration list for PBXNativeTarget "MyProjectFDDTests" */;
			buildPhases = (
				043A1CA01AF78E7500E415BF /* Sources */,
				043A1CA11AF78E7500E415BF /* Frameworks */,
				043A1CA21AF78E7500E415BF /* Resources */,
			);
			buildRules = (
			);
			dependencies = (
				043A1CA61AF78E7500E415BF /* PBXTargetDependency */,
			);
			name = MyProjectFDDTests;
			productName = MyProjectFDDTests;
			productReference = 043A1CA41AF78E7500E415BF /* MyProjectFDDTests.xctest */;
			productType = "com.apple.product-type.bundle.unit-test";
		};
/* End PBXNativeTarget section */

/* Begin PBXProject section */
		043A1C801AF78E7400E415BF /* Project object */ = {
			isa = PBXProject;
			attributes = {
				CLASSPREFIX = SL;
				LastUpgradeCheck = 0600;
				ORGANIZATIONNAME = qianfeng;
				TargetAttributes = {
					043A1C871AF78E7500E415BF = {
						CreatedOnToolsVersion = 6.0.1;
					};
					043A1CA31AF78E7500E415BF = {
						CreatedOnToolsVersion = 6.0.1;
						TestTargetID = 043A1C871AF78E7500E415BF;
					};
				};
			};
			buildConfigurationList = 043A1C831AF78E7500E415BF /* Build configuration list for PBXProject "MyProjectFDD" */;
			compatibilityVersion = "Xcode 3.2";
			developmentRegion = English;
			hasScannedForEncodings = 0;
			knownRegions = (
				en,
				Base,
			);
			mainGroup = 043A1C7F1AF78E7400E415BF;
			productRefGroup = 043A1C891AF78E7500E415BF /* Products */;
			projectDirPath = "";
			projectRoot = "";
			targets = (
				043A1C871AF78E7500E415BF /* MyProjectFDD */,
				043A1CA31AF78E7500E415BF /* MyProjectFDDTests */,
			);
		};
/* End PBXProject section */

/* Begin PBXResourcesBuildPhase section */
		043A1C861AF78E7500E415BF /* Resources */ = {
			isa = PBXResourcesBuildPhase;
			buildActionMask = 2147483647;
			files = (
				04052DE51AF8821600AEE27A /* nav_fenxiang@2x.png in Resources */,
				0449FA0D1AF8D79C00A5A2A2 /* publish_pic_normal@3x.png in Resources */,
				04052DEC1AF8821600AEE27A /* nav_sousuo@3x.png in Resources */,
				043A1CCA1AF796EB00E415BF /* SLSellHouseViewController.xib in Resources */,
				0449FA0B1AF8D79C00A5A2A2 /* publish_pic_normal.png in Resources */,
				043A1D091AF7995000E415BF /* daohang_wo01@3x.png in Resources */,
				043A1CFD1AF7995000E415BF /* daohang_gengduo01@3x.png in Resources */,
				04052DE81AF8821600AEE27A /* nav_gengduo@2x.png in Resources */,
				043A1CCF1AF7970400E415BF /* SLBuyHouseViewController.xib in Resources */,
				04052DDB1AF8821600AEE27A /* nav_caidan.png in Resources */,
				0449F9FF1AF8D79C00A5A2A2 /* publish_icon_manager.png in Resources */,
				0449F9FB1AF8D79C00A5A2A2 /* publish_icon2_normal@3x.png in Resources */,
				0449F9F91AF8D79C00A5A2A2 /* publish_icon2_normal.png in Resources */,
				0449FA071AF8D79C00A5A2A2 /* publish_icon_safe@3x.png in Resources */,
				043A1CF81AF7995000E415BF /* daohang_buy02.png in Resources */,
				043A1D021AF7995000E415BF /* daohang_sell01@2x.png in Resources */,
				04052DEB1AF8821600AEE27A /* nav_sousuo@2x.png in Resources */,
				04052DDE1AF8821600AEE27A /* nav_ditu.png in Resources */,
				043A1D061AF7995000E415BF /* daohang_sell02@3x.png in Resources */,
				04052DED1AF8821600AEE27A /* nav_sousuo_s.png in Resources */,
				04052DEE1AF8821600AEE27A /* nav_sousuo_s@2x.png in Resources */,
				043A1CF91AF7995000E415BF /* daohang_buy02@2x.png in Resources */,
				0449F9FA1AF8D79C00A5A2A2 /* publish_icon2_normal@2x.png in Resources */,
				043A1D0B1AF7995000E415BF /* daohang_wo02@2x.png in Resources */,
				0449F9F51AF8D79C00A5A2A2 /* publish_icon1_normal@3x.png in Resources */,
				043A1CF61AF7995000E415BF /* daohang_buy01@2x.png in Resources */,
				0449F9F11AF8D79C00A5A2A2 /* publish_delete_normal@2x.png in Resources */,
				043A1D0A1AF7995000E415BF /* daohang_wo02.png in Resources */,
				04052DF31AF8821600AEE27A /* nav_xiaoxi.png in Resources */,
				0449F9F01AF8D79C00A5A2A2 /* publish_delete_normal.png in Resources */,
				043A1C9F1AF78E7500E415BF /* LaunchScreen.xib in Resources */,
				04052DF11AF8821600AEE27A /* nav_xiala@2x.png in Resources */,
				0449F9F81AF8D79C00A5A2A2 /* publish_icon2_disable@3x.png in Resources */,
				043A1CD91AF7972200E415BF /* SLSettingViewController.xib in Resources */,
				043A1CFC1AF7995000E415BF /* daohang_gengduo01@2x.png in Resources */,
				0449FA021AF8D79C00A5A2A2 /* publish_icon_managers.png in Resources */,
				0449F9F71AF8D79C00A5A2A2 /* publish_icon2_disable@2x.png in Resources */,
				0449F9F41AF8D79C00A5A2A2 /* publish_icon1_normal@2x.png in Resources */,
				043A1D041AF7995000E415BF /* daohang_sell02.png in Resources */,
				043A1D0C1AF7995000E415BF /* daohang_wo02@3x.png in Resources */,
				043A1C9C1AF78E7500E415BF /* Images.xcassets in Resources */,
				0449F9FC1AF8D79C00A5A2A2 /* publish_icon_camera.png in Resources */,
				0449F9FE1AF8D79C00A5A2A2 /* publish_icon_camera@3x.png in Resources */,
				0449F9F31AF8D79C00A5A2A2 /* publish_icon1_normal.png in Resources */,
				04052DE11AF8821600AEE27A /* nav_fanhui.png in Resources */,
				04052DDF1AF8821600AEE27A /* nav_ditu@2x.png in Resources */,
				04052DDC1AF8821600AEE27A /* nav_caidan@2x.png in Resources */,
				043A1D011AF7995000E415BF /* daohang_sell01.png in Resources */,
				043A1D031AF7995000E415BF /* daohang_sell01@3x.png in Resources */,
				043A1CFB1AF7995000E415BF /* daohang_gengduo01.png in Resources */,
				0449FA0C1AF8D79C00A5A2A2 /* publish_pic_normal@2x.png in Resources */,
				04052DF71AF8B06900AEE27A /* 0_bg01@2x.png in Resources */,
				043A1D001AF7995000E415BF /* daohang_gengduo02@3x.png in Resources */,
				0449F9FD1AF8D79C00A5A2A2 /* publish_icon_camera@2x.png in Resources */,
				043A1CF51AF7995000E415BF /* daohang_buy01.png in Resources */,
				0449FA001AF8D79C00A5A2A2 /* publish_icon_manager@2x.png in Resources */,
				04052DE31AF8821600AEE27A /* nav_fanhui@3x.png in Resources */,
				0449FA051AF8D79C00A5A2A2 /* publish_icon_safe.png in Resources */,
				04052DF41AF8821600AEE27A /* nav_xiaoxi@2x.png in Resources */,
				043A1CFF1AF7995000E415BF /* daohang_gengduo02@2x.png in Resources */,
				04052DE01AF8821600AEE27A /* nav_ditu@3x.png in Resources */,
				043A1CFA1AF7995000E415BF /* daohang_buy02@3x.png in Resources */,
				043A1CF71AF7995000E415BF /* daohang_buy01@3x.png in Resources */,
				04052DE91AF8821600AEE27A /* nav_gengduo@3x.png in Resources */,
				04052DF01AF8821600AEE27A /* nav_xiala.png in Resources */,
				04052DEA1AF8821600AEE27A /* nav_sousuo.png in Resources */,
				04052DE61AF8821600AEE27A /* nav_fenxiang@3x.png in Resources */,
				04052DE71AF8821600AEE27A /* nav_gengduo.png in Resources */,
				0449FA011AF8D79C00A5A2A2 /* publish_icon_manager@3x.png in Resources */,
				04052DEF1AF8821600AEE27A /* nav_sousuo_s@3x.png in Resources */,
				0449F9F61AF8D79C00A5A2A2 /* publish_icon2_disable.png in Resources */,
				0449FA091AF8D79C00A5A2A2 /* publish_more_normal@2x.png in Resources */,
				043A1D051AF7995000E415BF /* daohang_sell02@2x.png in Resources */,
				043A1D071AF7995000E415BF /* daohang_wo01.png in Resources */,
				043A1D081AF7995000E415BF /* daohang_wo01@2x.png in Resources */,
				04052DF51AF8821600AEE27A /* nav_xiaoxi@3x.png in Resources */,
				043A1CFE1AF7995000E415BF /* daohang_gengduo02.png in Resources */,
				04052DE21AF8821600AEE27A /* nav_fanhui@2x.png in Resources */,
				043A1CD41AF7971400E415BF /* SLMeViewController.xib in Resources */,
				04052DF21AF8821600AEE27A /* nav_xiala@3x.png in Resources */,
				0449F9F21AF8D79C00A5A2A2 /* publish_delete_normal@3x.png in Resources */,
				0449FA031AF8D79C00A5A2A2 /* publish_icon_managers@2x.png in Resources */,
				0449FA0A1AF8D79C00A5A2A2 /* publish_more_normal@3x.png in Resources */,
				04052DDD1AF8821600AEE27A /* nav_caidan@3x.png in Resources */,
				0449FA041AF8D79C00A5A2A2 /* publish_icon_managers@3x.png in Resources */,
				0449FA061AF8D79C00A5A2A2 /* publish_icon_safe@2x.png in Resources */,
				0449FA081AF8D79C00A5A2A2 /* publish_more_normal.png in Resources */,
				04052DE41AF8821600AEE27A /* nav_fenxiang.png in Resources */,
			);
			runOnlyForDeploymentPostprocessing = 0;
		};
		043A1CA21AF78E7500E415BF /* Resources */ = {
			isa = PBXResourcesBuildPhase;
			buildActionMask = 2147483647;
			files = (
			);
			runOnlyForDeploymentPostprocessing = 0;
		};
/* End PBXResourcesBuildPhase section */

/* Begin PBXSourcesBuildPhase section */
		043A1C841AF78E7500E415BF /* Sources */ = {
			isa = PBXSourcesBuildPhase;
			buildActionMask = 2147483647;
			files = (
				0449F9D01AF8C8A200A5A2A2 /* SLCityListTableViewController.m in Sources */,
				043A1CC51AF794FE00E415BF /* SLAppSupport.m in Sources */,
				04052DBE1AF8810700AEE27A /* SLUIFactory.m in Sources */,
				043A1D121AF79EA900E415BF /* SLTabBarViewController.m in Sources */,
				043A1CCE1AF7970400E415BF /* SLBuyHouseViewController.m in Sources */,
				043A1C941AF78E7500E415BF /* MyProjectFDD.xcdatamodeld in Sources */,
				043A1C911AF78E7500E415BF /* AppDelegate.m in Sources */,
				043A1D161AF7A1DF00E415BF /* SLTabBarItemButton.m in Sources */,
				043A1CC91AF796EB00E415BF /* SLSellHouseViewController.m in Sources */,
				043A1D0F1AF79B4F00E415BF /* SLNavigationController.m in Sources */,
				043A1C8E1AF78E7500E415BF /* main.m in Sources */,
				043A1CD81AF7972200E415BF /* SLSettingViewController.m in Sources */,
				043A1CD31AF7971400E415BF /* SLMeViewController.m in Sources */,
			);
			runOnlyForDeploymentPostprocessing = 0;
		};
		043A1CA01AF78E7500E415BF /* Sources */ = {
			isa = PBXSourcesBuildPhase;
			buildActionMask = 2147483647;
			files = (
				043A1CAB1AF78E7500E415BF /* MyProjectFDDTests.m in Sources */,
			);
			runOnlyForDeploymentPostprocessing = 0;
		};
/* End PBXSourcesBuildPhase section */

/* Begin PBXTargetDependency section */
		043A1CA61AF78E7500E415BF /* PBXTargetDependency */ = {
			isa = PBXTargetDependency;
			target = 043A1C871AF78E7500E415BF /* MyProjectFDD */;
			targetProxy = 043A1CA51AF78E7500E415BF /* PBXContainerItemProxy */;
		};
/* End PBXTargetDependency section */

/* Begin PBXVariantGroup section */
		043A1C9D1AF78E7500E415BF /* LaunchScreen.xib */ = {
			isa = PBXVariantGroup;
			children = (
				043A1C9E1AF78E7500E415BF /* Base */,
			);
			name = LaunchScreen.xib;
			sourceTree = "<group>";
		};
/* End PBXVariantGroup section */

/* Begin XCBuildConfiguration section */
		043A1CAC1AF78E7500E415BF /* Debug */ = {
			isa = XCBuildConfiguration;
			buildSettings = {
				ALWAYS_SEARCH_USER_PATHS = NO;
				CLANG_CXX_LANGUAGE_STANDARD = "gnu++0x";
				CLANG_CXX_LIBRARY = "libc++";
				CLANG_ENABLE_MODULES = YES;
				CLANG_ENABLE_OBJC_ARC = YES;
				CLANG_WARN_BOOL_CONVERSION = YES;
				CLANG_WARN_CONSTANT_CONVERSION = YES;
				CLANG_WARN_DIRECT_OBJC_ISA_USAGE = YES_ERROR;
				CLANG_WARN_EMPTY_BODY = YES;
				CLANG_WARN_ENUM_CONVERSION = YES;
				CLANG_WARN_INT_CONVERSION = YES;
				CLANG_WARN_OBJC_ROOT_CLASS = YES_ERROR;
				CLANG_WARN_UNREACHABLE_CODE = YES;
				CLANG_WARN__DUPLICATE_METHOD_MATCH = YES;
				"CODE_SIGN_IDENTITY[sdk=iphoneos*]" = "iPhone Developer";
				COPY_PHASE_STRIP = NO;
				ENABLE_STRICT_OBJC_MSGSEND = YES;
				GCC_C_LANGUAGE_STANDARD = gnu99;
				GCC_DYNAMIC_NO_PIC = NO;
				GCC_OPTIMIZATION_LEVEL = 0;
				GCC_PREPROCESSOR_DEFINITIONS = (
					"DEBUG=1",
					"$(inherited)",
				);
				GCC_SYMBOLS_PRIVATE_EXTERN = NO;
				GCC_WARN_64_TO_32_BIT_CONVERSION = YES;
				GCC_WARN_ABOUT_RETURN_TYPE = YES_ERROR;
				GCC_WARN_UNDECLARED_SELECTOR = YES;
				GCC_WARN_UNINITIALIZED_AUTOS = YES_AGGRESSIVE;
				GCC_WARN_UNUSED_FUNCTION = YES;
				GCC_WARN_UNUSED_VARIABLE = YES;
				IPHONEOS_DEPLOYMENT_TARGET = 8.0;
				MTL_ENABLE_DEBUG_INFO = YES;
				ONLY_ACTIVE_ARCH = YES;
				SDKROOT = iphoneos;
			};
			name = Debug;
		};
		043A1CAD1AF78E7500E415BF /* Release */ = {
			isa = XCBuildConfiguration;
			buildSettings = {
				ALWAYS_SEARCH_USER_PATHS = NO;
				CLANG_CXX_LANGUAGE_STANDARD = "gnu++0x";
				CLANG_CXX_LIBRARY = "libc++";
				CLANG_ENABLE_MODULES = YES;
				CLANG_ENABLE_OBJC_ARC = YES;
				CLANG_WARN_BOOL_CONVERSION = YES;
				CLANG_WARN_CONSTANT_CONVERSION = YES;
				CLANG_WARN_DIRECT_OBJC_ISA_USAGE = YES_ERROR;
				CLANG_WARN_EMPTY_BODY = YES;
				CLANG_WARN_ENUM_CONVERSION = YES;
				CLANG_WARN_INT_CONVERSION = YES;
				CLANG_WARN_OBJC_ROOT_CLASS = YES_ERROR;
				CLANG_WARN_UNREACHABLE_CODE = YES;
				CLANG_WARN__DUPLICATE_METHOD_MATCH = YES;
				"CODE_SIGN_IDENTITY[sdk=iphoneos*]" = "iPhone Developer";
				COPY_PHASE_STRIP = YES;
				ENABLE_NS_ASSERTIONS = NO;
				ENABLE_STRICT_OBJC_MSGSEND = YES;
				GCC_C_LANGUAGE_STANDARD = gnu99;
				GCC_WARN_64_TO_32_BIT_CONVERSION = YES;
				GCC_WARN_ABOUT_RETURN_TYPE = YES_ERROR;
				GCC_WARN_UNDECLARED_SELECTOR = YES;
				GCC_WARN_UNINITIALIZED_AUTOS = YES_AGGRESSIVE;
				GCC_WARN_UNUSED_FUNCTION = YES;
				GCC_WARN_UNUSED_VARIABLE = YES;
				IPHONEOS_DEPLOYMENT_TARGET = 8.0;
				MTL_ENABLE_DEBUG_INFO = NO;
				SDKROOT = iphoneos;
				VALIDATE_PRODUCT = YES;
			};
			name = Release;
		};
		043A1CAF1AF78E7500E415BF /* Debug */ = {
			isa = XCBuildConfiguration;
			buildSettings = {
				ASSETCATALOG_COMPILER_APPICON_NAME = AppIcon;
				INFOPLIST_FILE = MyProjectFDD/Info.plist;
				IPHONEOS_DEPLOYMENT_TARGET = 7.0;
				LD_RUNPATH_SEARCH_PATHS = "$(inherited) @executable_path/Frameworks";
				PRODUCT_NAME = "$(TARGET_NAME)";
			};
			name = Debug;
		};
		043A1CB01AF78E7500E415BF /* Release */ = {
			isa = XCBuildConfiguration;
			buildSettings = {
				ASSETCATALOG_COMPILER_APPICON_NAME = AppIcon;
				INFOPLIST_FILE = MyProjectFDD/Info.plist;
				IPHONEOS_DEPLOYMENT_TARGET = 7.0;
				LD_RUNPATH_SEARCH_PATHS = "$(inherited) @executable_path/Frameworks";
				PRODUCT_NAME = "$(TARGET_NAME)";
			};
			name = Release;
		};
		043A1CB21AF78E7500E415BF /* Debug */ = {
			isa = XCBuildConfiguration;
			buildSettings = {
				BUNDLE_LOADER = "$(TEST_HOST)";
				FRAMEWORK_SEARCH_PATHS = (
					"$(SDKROOT)/Developer/Library/Frameworks",
					"$(inherited)",
				);
				GCC_PREPROCESSOR_DEFINITIONS = (
					"DEBUG=1",
					"$(inherited)",
				);
				INFOPLIST_FILE = MyProjectFDDTests/Info.plist;
				LD_RUNPATH_SEARCH_PATHS = "$(inherited) @executable_path/Frameworks @loader_path/Frameworks";
				PRODUCT_NAME = "$(TARGET_NAME)";
				TEST_HOST = "$(BUILT_PRODUCTS_DIR)/MyProjectFDD.app/MyProjectFDD";
			};
			name = Debug;
		};
		043A1CB31AF78E7500E415BF /* Release */ = {
			isa = XCBuildConfiguration;
			buildSettings = {
				BUNDLE_LOADER = "$(TEST_HOST)";
				FRAMEWORK_SEARCH_PATHS = (
					"$(SDKROOT)/Developer/Library/Frameworks",
					"$(inherited)",
				);
				INFOPLIST_FILE = MyProjectFDDTests/Info.plist;
				LD_RUNPATH_SEARCH_PATHS = "$(inherited) @executable_path/Frameworks @loader_path/Frameworks";
				PRODUCT_NAME = "$(TARGET_NAME)";
				TEST_HOST = "$(BUILT_PRODUCTS_DIR)/MyProjectFDD.app/MyProjectFDD";
			};
			name = Release;
		};
/* End XCBuildConfiguration section */

/* Begin XCConfigurationList section */
		043A1C831AF78E7500E415BF /* Build configuration list for PBXProject "MyProjectFDD" */ = {
			isa = XCConfigurationList;
			buildConfigurations = (
				043A1CAC1AF78E7500E415BF /* Debug */,
				043A1CAD1AF78E7500E415BF /* Release */,
			);
			defaultConfigurationIsVisible = 0;
			defaultConfigurationName = Release;
		};
		043A1CAE1AF78E7500E415BF /* Build configuration list for PBXNativeTarget "MyProjectFDD" */ = {
			isa = XCConfigurationList;
			buildConfigurations = (
				043A1CAF1AF78E7500E415BF /* Debug */,
				043A1CB01AF78E7500E415BF /* Release */,
			);
			defaultConfigurationIsVisible = 0;
			defaultConfigurationName = Release;
		};
		043A1CB11AF78E7500E415BF /* Build configuration list for PBXNativeTarget "MyProjectFDDTests" */ = {
			isa = XCConfigurationList;
			buildConfigurations = (
				043A1CB21AF78E7500E415BF /* Debug */,
				043A1CB31AF78E7500E415BF /* Release */,
			);
			defaultConfigurationIsVisible = 0;
			defaultConfigurationName = Release;
		};
/* End XCConfigurationList section */

/* Begin XCVersionGroup section */
		043A1C921AF78E7500E415BF /* MyProjectFDD.xcdatamodeld */ = {
			isa = XCVersionGroup;
			children = (
				043A1C931AF78E7500E415BF /* MyProjectFDD.xcdatamodel */,
			);
			currentVersion = 043A1C931AF78E7500E415BF /* MyProjectFDD.xcdatamodel */;
			path = MyProjectFDD.xcdatamodeld;
			sourceTree = "<group>";
			versionGroupType = wrapper.xcdatamodel;
		};
/* End XCVersionGroup section */
	};
	rootObject = 043A1C801AF78E7400E415BF /* Project object */;
}
